
Microsoft Visual Studio Solution File, Format Version 12.00
# Visual Studio Version 17
VisualStudioVersion = 17.8.34309.116
MinimumVisualStudioVersion = 10.0.40219.1
Project("{8BC9CEB8-8B4A-11D0-8D11-00A0C91BC942}") = "2_17", "2_17\2_17.vcxproj", "{EC983931-69EE-4B4E-B06A-7D22862AB6EC}"
EndProject
Global
	GlobalSection(SolutionConfigurationPlatforms) = preSolution
		Debug|x64 = Debug|x64
		Debug|x86 = Debug|x86
		Release|x64 = Release|x64
		Release|x86 = Release|x86
	EndGlobalSection
	GlobalSection(ProjectConfigurationPlatforms) = postSolution
		{EC983931-69EE-4B4E-B06A-7D22862AB6EC}.Debug|x64.ActiveCfg = Debug|x64
		{EC983931-69EE-4B4E-B06A-7D22862AB6EC}.Debug|x64.Build.0 = Debug|x64
		{EC983931-69EE-4B4E-B06A-7D22862AB6EC}.Debug|x86.ActiveCfg = Debug|Win32
		{EC983931-69EE-4B4E-B06A-7D22862AB6EC}.Debug|x86.Build.0 = Debug|Win32
		{EC983931-69EE-4B4E-B06A-7D22862AB6EC}.Release|x64.ActiveCfg = Release|x64
		{EC983931-69EE-4B4E-B06A-7D22862AB6EC}.Release|x64.Build.0 = Release|x64
		{EC983931-69EE-4B4E-B06A-7D22862AB6EC}.Release|x86.ActiveCfg = Release|Win32
		{EC983931-69EE-4B4E-B06A-7D22862AB6EC}.Release|x86.Build.0 = Release|Win32
	EndGlobalSection
	GlobalSection(SolutionProperties) = preSolution
		HideSolutionNode = FALSE
	EndGlobalSection
	GlobalSection(ExtensibilityGlobals) = postSolution
		SolutionGuid = {2ACE3494-668A-4E77-9099-DE30906DC035}
	EndGlobalSection
EndGlobal
