
Microsoft Visual Studio Solution File, Format Version 12.00
# Visual Studio Version 17
VisualStudioVersion = 17.8.34309.116
MinimumVisualStudioVersion = 10.0.40219.1
Project("{8BC9CEB8-8B4A-11D0-8D11-00A0C91BC942}") = "2_6", "2_6\2_6.vcxproj", "{B0F883BB-4C3E-454F-B8F2-F80DC96F1A96}"
EndProject
Global
	GlobalSection(SolutionConfigurationPlatforms) = preSolution
		Debug|x64 = Debug|x64
		Debug|x86 = Debug|x86
		Release|x64 = Release|x64
		Release|x86 = Release|x86
	EndGlobalSection
	GlobalSection(ProjectConfigurationPlatforms) = postSolution
		{B0F883BB-4C3E-454F-B8F2-F80DC96F1A96}.Debug|x64.ActiveCfg = Debug|x64
		{B0F883BB-4C3E-454F-B8F2-F80DC96F1A96}.Debug|x64.Build.0 = Debug|x64
		{B0F883BB-4C3E-454F-B8F2-F80DC96F1A96}.Debug|x86.ActiveCfg = Debug|Win32
		{B0F883BB-4C3E-454F-B8F2-F80DC96F1A96}.Debug|x86.Build.0 = Debug|Win32
		{B0F883BB-4C3E-454F-B8F2-F80DC96F1A96}.Release|x64.ActiveCfg = Release|x64
		{B0F883BB-4C3E-454F-B8F2-F80DC96F1A96}.Release|x64.Build.0 = Release|x64
		{B0F883BB-4C3E-454F-B8F2-F80DC96F1A96}.Release|x86.ActiveCfg = Release|Win32
		{B0F883BB-4C3E-454F-B8F2-F80DC96F1A96}.Release|x86.Build.0 = Release|Win32
	EndGlobalSection
	GlobalSection(SolutionProperties) = preSolution
		HideSolutionNode = FALSE
	EndGlobalSection
	GlobalSection(ExtensibilityGlobals) = postSolution
		SolutionGuid = {25846178-A7BF-437A-B430-4CC6D74B5401}
	EndGlobalSection
EndGlobal
